
Microsoft Visual Studio Solution File, Format Version 12.00
# Visual Studio Version 17
VisualStudioVersion = 17.11.35431.28
MinimumVisualStudioVersion = 10.0.40219.1
Project("{FAE04EC0-301F-11D3-BF4B-00C04F79EFBC}") = "BookApi", "BookApi.csproj", "{D69E75E4-4C10-4A20-92EF-A24FF2205C9D}"
EndProject
Global
	GlobalSection(SolutionConfigurationPlatforms) = preSolution
		Debug|Any CPU = Debug|Any CPU
		Release|Any CPU = Release|Any CPU
	EndGlobalSection
	GlobalSection(ProjectConfigurationPlatforms) = postSolution
		{D69E75E4-4C10-4A20-92EF-A24FF2205C9D}.Debug|Any CPU.ActiveCfg = Debug|Any CPU
		{D69E75E4-4C10-4A20-92EF-A24FF2205C9D}.Debug|Any CPU.Build.0 = Debug|Any CPU
		{D69E75E4-4C10-4A20-92EF-A24FF2205C9D}.Release|Any CPU.ActiveCfg = Release|Any CPU
		{D69E75E4-4C10-4A20-92EF-A24FF2205C9D}.Release|Any CPU.Build.0 = Release|Any CPU
	EndGlobalSection
	GlobalSection(SolutionProperties) = preSolution
		HideSolutionNode = FALSE
	EndGlobalSection
	GlobalSection(ExtensibilityGlobals) = postSolution
		SolutionGuid = {F45E9191-931A-4831-9971-59CA9FA76569}
	EndGlobalSection
EndGlobal
